# This file was autogenerated by Stack.
# You should not edit this file by hand.
# For more information, please see the documentation at:
#   https://docs.haskellstack.org/en/stable/lock_files

packages:
- completed:
    hackage: protolude-0.2@sha256:102271b6f6e9bd4969d8e0cd3065c358941850f4f4b0887ad331065b8aac7eb3,2096
    pantry-tree:
      size: 1124
      sha256: f07362865123fcb5c8352bc2e32a45fb2b5e6e8eb9ed56c06f06aa636d7a0660
  original:
    hackage: protolude-0.2
snapshots:
- completed:
    size: 403846
    url: https://raw.githubusercontent.com/commercialhaskell/stackage-snapshots/master/nightly/2017/8/15.yaml
    sha256: 2a32dabb01fd4ebf6e9cb543a34546bc5e5e8090ffac82929540ed63a6adf155
  original: nightly-2017-08-15
